// !$*UTF8*$!
{
	archiveVersion = 1;
	classes = {
	};
	objectVersion = 46;
	objects = {

/* Begin PBXBuildFile section */
		CD7041151A7E56A700CE6C1A /* AppDelegate.swift in Sources */ = {isa = PBXBuildFile; fileRef = CD7041141A7E56A700CE6C1A /* AppDelegate.swift */; };
		CD7041171A7E56A700CE6C1A /* GameView.swift in Sources */ = {isa = PBXBuildFile; fileRef = CD7041161A7E56A700CE6C1A /* GameView.swift */; };
		CD7041191A7E56A700CE6C1A /* GameViewController.swift in Sources */ = {isa = PBXBuildFile; fileRef = CD7041181A7E56A700CE6C1A /* GameViewController.swift */; };
		CD70411B1A7E56A700CE6C1A /* art.scnassets in Resources */ = {isa = PBXBuildFile; fileRef = CD70411A1A7E56A700CE6C1A /* art.scnassets */; };
		CD70411D1A7E56A700CE6C1A /* Images.xcassets in Resources */ = {isa = PBXBuildFile; fileRef = CD70411C1A7E56A700CE6C1A /* Images.xcassets */; };
		CD7041201A7E56A700CE6C1A /* MainMenu.xib in Resources */ = {isa = PBXBuildFile; fileRef = CD70411E1A7E56A700CE6C1A /* MainMenu.xib */; };
		CD70412C1A7E56A700CE6C1A /* Flip_UpTests.swift in Sources */ = {isa = PBXBuildFile; fileRef = CD70412B1A7E56A700CE6C1A /* Flip_UpTests.swift */; };
		CD7041371A7E667800CE6C1A /* Arrow.swift in Sources */ = {isa = PBXBuildFile; fileRef = CD7041351A7E667800CE6C1A /* Arrow.swift */; };
		CD7041381A7E667800CE6C1A /* SCNNodeExt.swift in Sources */ = {isa = PBXBuildFile; fileRef = CD7041361A7E667800CE6C1A /* SCNNodeExt.swift */; };
/* End PBXBuildFile section */

/* Begin PBXContainerItemProxy section */
		CD7041261A7E56A700CE6C1A /* PBXContainerItemProxy */ = {
			isa = PBXContainerItemProxy;
			containerPortal = CD7041071A7E56A700CE6C1A /* Project object */;
			proxyType = 1;
			remoteGlobalIDString = CD70410E1A7E56A700CE6C1A;
			remoteInfo = "Flip Up";
		};
/* End PBXContainerItemProxy section */

/* Begin PBXFileReference section */
		CD70410F1A7E56A700CE6C1A /* Flip Up.app */ = {isa = PBXFileReference; explicitFileType = wrapper.application; includeInIndex = 0; path = "Flip Up.app"; sourceTree = BUILT_PRODUCTS_DIR; };
		CD7041131A7E56A700CE6C1A /* Info.plist */ = {isa = PBXFileReference; lastKnownFileType = text.plist.xml; path = Info.plist; sourceTree = "<group>"; };
		CD7041141A7E56A700CE6C1A /* AppDelegate.swift */ = {isa = PBXFileReference; lastKnownFileType = sourcecode.swift; path = AppDelegate.swift; sourceTree = "<group>"; };
		CD7041161A7E56A700CE6C1A /* GameView.swift */ = {isa = PBXFileReference; lastKnownFileType = sourcecode.swift; path = GameView.swift; sourceTree = "<group>"; };
		CD7041181A7E56A700CE6C1A /* GameViewController.swift */ = {isa = PBXFileReference; lastKnownFileType = sourcecode.swift; path = GameViewController.swift; sourceTree = "<group>"; };
		CD70411A1A7E56A700CE6C1A /* art.scnassets */ = {isa = PBXFileReference; lastKnownFileType = wrapper.scnassets; path = art.scnassets; sourceTree = "<group>"; };
		CD70411C1A7E56A700CE6C1A /* Images.xcassets */ = {isa = PBXFileReference; lastKnownFileType = folder.assetcatalog; path = Images.xcassets; sourceTree = "<group>"; };
		CD70411F1A7E56A700CE6C1A /* Base */ = {isa = PBXFileReference; lastKnownFileType = file.xib; name = Base; path = Base.lproj/MainMenu.xib; sourceTree = "<group>"; };
		CD7041251A7E56A700CE6C1A /* Flip UpTests.xctest */ = {isa = PBXFileReference; explicitFileType = wrapper.cfbundle; includeInIndex = 0; path = "Flip UpTests.xctest"; sourceTree = BUILT_PRODUCTS_DIR; };
		CD70412A1A7E56A700CE6C1A /* Info.plist */ = {isa = PBXFileReference; lastKnownFileType = text.plist.xml; path = Info.plist; sourceTree = "<group>"; };
		CD70412B1A7E56A700CE6C1A /* Flip_UpTests.swift */ = {isa = PBXFileReference; lastKnownFileType = sourcecode.swift; path = Flip_UpTests.swift; sourceTree = "<group>"; };
		CD7041351A7E667800CE6C1A /* Arrow.swift */ = {isa = PBXFileReference; fileEncoding = 4; lastKnownFileType = sourcecode.swift; path = Arrow.swift; sourceTree = "<group>"; };
		CD7041361A7E667800CE6C1A /* SCNNodeExt.swift */ = {isa = PBXFileReference; fileEncoding = 4; lastKnownFileType = sourcecode.swift; path = SCNNodeExt.swift; sourceTree = "<group>"; };
/* End PBXFileReference section */

/* Begin PBXFrameworksBuildPhase section */
		CD70410C1A7E56A700CE6C1A /* Frameworks */ = {
			isa = PBXFrameworksBuildPhase;
			buildActionMask = 2147483647;
			files = (
			);
			runOnlyForDeploymentPostprocessing = 0;
		};
		CD7041221A7E56A700CE6C1A /* Frameworks */ = {
			isa = PBXFrameworksBuildPhase;
			buildActionMask = 2147483647;
			files = (
			);
			runOnlyForDeploymentPostprocessing = 0;
		};
/* End PBXFrameworksBuildPhase section */

/* Begin PBXGroup section */
		CD7041061A7E56A700CE6C1A = {
			isa = PBXGroup;
			children = (
				CD7041111A7E56A700CE6C1A /* Flip Up */,
				CD7041281A7E56A700CE6C1A /* Flip UpTests */,
				CD7041101A7E56A700CE6C1A /* Products */,
			);
			sourceTree = "<group>";
		};
		CD7041101A7E56A700CE6C1A /* Products */ = {
			isa = PBXGroup;
			children = (
				CD70410F1A7E56A700CE6C1A /* Flip Up.app */,
				CD7041251A7E56A700CE6C1A /* Flip UpTests.xctest */,
			);
			name = Products;
			sourceTree = "<group>";
		};
		CD7041111A7E56A700CE6C1A /* Flip Up */ = {
			isa = PBXGroup;
			children = (
				CD7041141A7E56A700CE6C1A /* AppDelegate.swift */,
				CD7041161A7E56A700CE6C1A /* GameView.swift */,
				CD7041181A7E56A700CE6C1A /* GameViewController.swift */,
				CD7041351A7E667800CE6C1A /* Arrow.swift */,
				CD7041361A7E667800CE6C1A /* SCNNodeExt.swift */,
				CD70411A1A7E56A700CE6C1A /* art.scnassets */,
				CD70411C1A7E56A700CE6C1A /* Images.xcassets */,
				CD70411E1A7E56A700CE6C1A /* MainMenu.xib */,
				CD7041121A7E56A700CE6C1A /* Supporting Files */,
			);
			path = "Flip Up";
			sourceTree = "<group>";
		};
		CD7041121A7E56A700CE6C1A /* Supporting Files */ = {
			isa = PBXGroup;
			children = (
				CD7041131A7E56A700CE6C1A /* Info.plist */,
			);
			name = "Supporting Files";
			sourceTree = "<group>";
		};
		CD7041281A7E56A700CE6C1A /* Flip UpTests */ = {
			isa = PBXGroup;
			children = (
				CD70412B1A7E56A700CE6C1A /* Flip_UpTests.swift */,
				CD7041291A7E56A700CE6C1A /* Supporting Files */,
			);
			path = "Flip UpTests";
			sourceTree = "<group>";
		};
		CD7041291A7E56A700CE6C1A /* Supporting Files */ = {
			isa = PBXGroup;
			children = (
				CD70412A1A7E56A700CE6C1A /* Info.plist */,
			);
			name = "Supporting Files";
			sourceTree = "<group>";
		};
/* End PBXGroup section */

/* Begin PBXNativeTarget section */
		CD70410E1A7E56A700CE6C1A /* Flip Up */ = {
			isa = PBXNativeTarget;
			buildConfigurationList = CD70412F1A7E56A700CE6C1A /* Build configuration list for PBXNativeTarget "Flip Up" */;
			buildPhases = (
				CD70410B1A7E56A700CE6C1A /* Sources */,
				CD70410C1A7E56A700CE6C1A /* Frameworks */,
				CD70410D1A7E56A700CE6C1A /* Resources */,
			);
			buildRules = (
			);
			dependencies = (
			);
			name = "Flip Up";
			productName = "Flip Up";
			productReference = CD70410F1A7E56A700CE6C1A /* Flip Up.app */;
			productType = "com.apple.product-type.application";
		};
		CD7041241A7E56A700CE6C1A /* Flip UpTests */ = {
			isa = PBXNativeTarget;
			buildConfigurationList = CD7041321A7E56A700CE6C1A /* Build configuration list for PBXNativeTarget "Flip UpTests" */;
			buildPhases = (
				CD7041211A7E56A700CE6C1A /* Sources */,
				CD7041221A7E56A700CE6C1A /* Frameworks */,
				CD7041231A7E56A700CE6C1A /* Resources */,
			);
			buildRules = (
			);
			dependencies = (
				CD7041271A7E56A700CE6C1A /* PBXTargetDependency */,
			);
			name = "Flip UpTests";
			productName = "Flip UpTests";
			productReference = CD7041251A7E56A700CE6C1A /* Flip UpTests.xctest */;
			productType = "com.apple.product-type.bundle.unit-test";
		};
/* End PBXNativeTarget section */

/* Begin PBXProject section */
		CD7041071A7E56A700CE6C1A /* Project object */ = {
			isa = PBXProject;
			attributes = {
				LastUpgradeCheck = 0610;
				ORGANIZATIONNAME = "Junyuan Hong";
				TargetAttributes = {
					CD70410E1A7E56A700CE6C1A = {
						CreatedOnToolsVersion = 6.1.1;
					};
					CD7041241A7E56A700CE6C1A = {
						CreatedOnToolsVersion = 6.1.1;
						TestTargetID = CD70410E1A7E56A700CE6C1A;
					};
				};
			};
			buildConfigurationList = CD70410A1A7E56A700CE6C1A /* Build configuration list for PBXProject "Flip Up" */;
			compatibilityVersion = "Xcode 3.2";
			developmentRegion = English;
			hasScannedForEncodings = 0;
			knownRegions = (
				en,
				Base,
			);
			mainGroup = CD7041061A7E56A700CE6C1A;
			productRefGroup = CD7041101A7E56A700CE6C1A /* Products */;
			projectDirPath = "";
			projectRoot = "";
			targets = (
				CD70410E1A7E56A700CE6C1A /* Flip Up */,
				CD7041241A7E56A700CE6C1A /* Flip UpTests */,
			);
		};
/* End PBXProject section */

/* Begin PBXResourcesBuildPhase section */
		CD70410D1A7E56A700CE6C1A /* Resources */ = {
			isa = PBXResourcesBuildPhase;
			buildActionMask = 2147483647;
			files = (
				CD70411B1A7E56A700CE6C1A /* art.scnassets in Resources */,
				CD70411D1A7E56A700CE6C1A /* Images.xcassets in Resources */,
				CD7041201A7E56A700CE6C1A /* MainMenu.xib in Resources */,
			);
			runOnlyForDeploymentPostprocessing = 0;
		};
		CD7041231A7E56A700CE6C1A /* Resources */ = {
			isa = PBXResourcesBuildPhase;
			buildActionMask = 2147483647;
			files = (
			);
			runOnlyForDeploymentPostprocessing = 0;
		};
/* End PBXResourcesBuildPhase section */

/* Begin PBXSourcesBuildPhase section */
		CD70410B1A7E56A700CE6C1A /* Sources */ = {
			isa = PBXSourcesBuildPhase;
			buildActionMask = 2147483647;
			files = (
				CD7041381A7E667800CE6C1A /* SCNNodeExt.swift in Sources */,
				CD7041171A7E56A700CE6C1A /* GameView.swift in Sources */,
				CD7041371A7E667800CE6C1A /* Arrow.swift in Sources */,
				CD7041191A7E56A700CE6C1A /* GameViewController.swift in Sources */,
				CD7041151A7E56A700CE6C1A /* AppDelegate.swift in Sources */,
			);
			runOnlyForDeploymentPostprocessing = 0;
		};
		CD7041211A7E56A700CE6C1A /* Sources */ = {
			isa = PBXSourcesBuildPhase;
			buildActionMask = 2147483647;
			files = (
				CD70412C1A7E56A700CE6C1A /* Flip_UpTests.swift in Sources */,
			);
			runOnlyForDeploymentPostprocessing = 0;
		};
/* End PBXSourcesBuildPhase section */

/* Begin PBXTargetDependency section */
		CD7041271A7E56A700CE6C1A /* PBXTargetDependency */ = {
			isa = PBXTargetDependency;
			target = CD70410E1A7E56A700CE6C1A /* Flip Up */;
			targetProxy = CD7041261A7E56A700CE6C1A /* PBXContainerItemProxy */;
		};
/* End PBXTargetDependency section */

/* Begin PBXVariantGroup section */
		CD70411E1A7E56A700CE6C1A /* MainMenu.xib */ = {
			isa = PBXVariantGroup;
			children = (
				CD70411F1A7E56A700CE6C1A /* Base */,
			);
			name = MainMenu.xib;
			sourceTree = "<group>";
		};
/* End PBXVariantGroup section */

/* Begin XCBuildConfiguration section */
		CD70412D1A7E56A700CE6C1A /* Debug */ = {
			isa = XCBuildConfiguration;
			buildSettings = {
				ALWAYS_SEARCH_USER_PATHS = NO;
				CLANG_CXX_LANGUAGE_STANDARD = "gnu++0x";
				CLANG_CXX_LIBRARY = "libc++";
				CLANG_ENABLE_MODULES = YES;
				CLANG_ENABLE_OBJC_ARC = YES;
				CLANG_WARN_BOOL_CONVERSION = YES;
				CLANG_WARN_CONSTANT_CONVERSION = YES;
				CLANG_WARN_DIRECT_OBJC_ISA_USAGE = YES_ERROR;
				CLANG_WARN_EMPTY_BODY = YES;
				CLANG_WARN_ENUM_CONVERSION = YES;
				CLANG_WARN_INT_CONVERSION = YES;
				CLANG_WARN_OBJC_ROOT_CLASS = YES_ERROR;
				CLANG_WARN_UNREACHABLE_CODE = YES;
				CLANG_WARN__DUPLICATE_METHOD_MATCH = YES;
				CODE_SIGN_IDENTITY = "-";
				COPY_PHASE_STRIP = NO;
				ENABLE_STRICT_OBJC_MSGSEND = YES;
				GCC_C_LANGUAGE_STANDARD = gnu99;
				GCC_DYNAMIC_NO_PIC = NO;
				GCC_OPTIMIZATION_LEVEL = 0;
				GCC_PREPROCESSOR_DEFINITIONS = (
					"DEBUG=1",
					"$(inherited)",
				);
				GCC_SYMBOLS_PRIVATE_EXTERN = NO;
				GCC_WARN_64_TO_32_BIT_CONVERSION = YES;
				GCC_WARN_ABOUT_RETURN_TYPE = YES_ERROR;
				GCC_WARN_UNDECLARED_SELECTOR = YES;
				GCC_WARN_UNINITIALIZED_AUTOS = YES_AGGRESSIVE;
				GCC_WARN_UNUSED_FUNCTION = YES;
				GCC_WARN_UNUSED_VARIABLE = YES;
				MACOSX_DEPLOYMENT_TARGET = 10.10;
				MTL_ENABLE_DEBUG_INFO = YES;
				ONLY_ACTIVE_ARCH = YES;
				SDKROOT = macosx;
				SWIFT_OPTIMIZATION_LEVEL = "-Onone";
			};
			name = Debug;
		};
		CD70412E1A7E56A700CE6C1A /* Release */ = {
			isa = XCBuildConfiguration;
			buildSettings = {
				ALWAYS_SEARCH_USER_PATHS = NO;
				CLANG_CXX_LANGUAGE_STANDARD = "gnu++0x";
				CLANG_CXX_LIBRARY = "libc++";
				CLANG_ENABLE_MODULES = YES;
				CLANG_ENABLE_OBJC_ARC = YES;
				CLANG_WARN_BOOL_CONVERSION = YES;
				CLANG_WARN_CONSTANT_CONVERSION = YES;
				CLANG_WARN_DIRECT_OBJC_ISA_USAGE = YES_ERROR;
				CLANG_WARN_EMPTY_BODY = YES;
				CLANG_WARN_ENUM_CONVERSION = YES;
				CLANG_WARN_INT_CONVERSION = YES;
				CLANG_WARN_OBJC_ROOT_CLASS = YES_ERROR;
				CLANG_WARN_UNREACHABLE_CODE = YES;
				CLANG_WARN__DUPLICATE_METHOD_MATCH = YES;
				CODE_SIGN_IDENTITY = "-";
				COPY_PHASE_STRIP = YES;
				DEBUG_INFORMATION_FORMAT = "dwarf-with-dsym";
				ENABLE_NS_ASSERTIONS = NO;
				ENABLE_STRICT_OBJC_MSGSEND = YES;
				GCC_C_LANGUAGE_STANDARD = gnu99;
				GCC_WARN_64_TO_32_BIT_CONVERSION = YES;
				GCC_WARN_ABOUT_RETURN_TYPE = YES_ERROR;
				GCC_WARN_UNDECLARED_SELECTOR = YES;
				GCC_WARN_UNINITIALIZED_AUTOS = YES_AGGRESSIVE;
				GCC_WARN_UNUSED_FUNCTION = YES;
				GCC_WARN_UNUSED_VARIABLE = YES;
				MACOSX_DEPLOYMENT_TARGET = 10.10;
				MTL_ENABLE_DEBUG_INFO = NO;
				SDKROOT = macosx;
			};
			name = Release;
		};
		CD7041301A7E56A700CE6C1A /* Debug */ = {
			isa = XCBuildConfiguration;
			buildSettings = {
				ASSETCATALOG_COMPILER_APPICON_NAME = AppIcon;
				COMBINE_HIDPI_IMAGES = YES;
				INFOPLIST_FILE = "Flip Up/Info.plist";
				LD_RUNPATH_SEARCH_PATHS = "$(inherited) @executable_path/../Frameworks";
				PRODUCT_NAME = "$(TARGET_NAME)";
			};
			name = Debug;
		};
		CD7041311A7E56A700CE6C1A /* Release */ = {
			isa = XCBuildConfiguration;
			buildSettings = {
				ASSETCATALOG_COMPILER_APPICON_NAME = AppIcon;
				COMBINE_HIDPI_IMAGES = YES;
				INFOPLIST_FILE = "Flip Up/Info.plist";
				LD_RUNPATH_SEARCH_PATHS = "$(inherited) @executable_path/../Frameworks";
				PRODUCT_NAME = "$(TARGET_NAME)";
			};
			name = Release;
		};
		CD7041331A7E56A700CE6C1A /* Debug */ = {
			isa = XCBuildConfiguration;
			buildSettings = {
				BUNDLE_LOADER = "$(TEST_HOST)";
				COMBINE_HIDPI_IMAGES = YES;
				FRAMEWORK_SEARCH_PATHS = (
					"$(DEVELOPER_FRAMEWORKS_DIR)",
					"$(inherited)",
				);
				GCC_PREPROCESSOR_DEFINITIONS = (
					"DEBUG=1",
					"$(inherited)",
				);
				INFOPLIST_FILE = "Flip UpTests/Info.plist";
				LD_RUNPATH_SEARCH_PATHS = "$(inherited) @executable_path/../Frameworks @loader_path/../Frameworks";
				PRODUCT_NAME = "$(TARGET_NAME)";
				TEST_HOST = "$(BUILT_PRODUCTS_DIR)/Flip Up.app/Contents/MacOS/Flip Up";
			};
			name = Debug;
		};
		CD7041341A7E56A700CE6C1A /* Release */ = {
			isa = XCBuildConfiguration;
			buildSettings = {
				BUNDLE_LOADER = "$(TEST_HOST)";
				COMBINE_HIDPI_IMAGES = YES;
				FRAMEWORK_SEARCH_PATHS = (
					"$(DEVELOPER_FRAMEWORKS_DIR)",
					"$(inherited)",
				);
				INFOPLIST_FILE = "Flip UpTests/Info.plist";
				LD_RUNPATH_SEARCH_PATHS = "$(inherited) @executable_path/../Frameworks @loader_path/../Frameworks";
				PRODUCT_NAME = "$(TARGET_NAME)";
				TEST_HOST = "$(BUILT_PRODUCTS_DIR)/Flip Up.app/Contents/MacOS/Flip Up";
			};
			name = Release;
		};
/* End XCBuildConfiguration section */

/* Begin XCConfigurationList section */
		CD70410A1A7E56A700CE6C1A /* Build configuration list for PBXProject "Flip Up" */ = {
			isa = XCConfigurationList;
			buildConfigurations = (
				CD70412D1A7E56A700CE6C1A /* Debug */,
				CD70412E1A7E56A700CE6C1A /* Release */,
			);
			defaultConfigurationIsVisible = 0;
			defaultConfigurationName = Release;
		};
		CD70412F1A7E56A700CE6C1A /* Build configuration list for PBXNativeTarget "Flip Up" */ = {
			isa = XCConfigurationList;
			buildConfigurations = (
				CD7041301A7E56A700CE6C1A /* Debug */,
				CD7041311A7E56A700CE6C1A /* Release */,
			);
			defaultConfigurationIsVisible = 0;
			defaultConfigurationName = Release;
		};
		CD7041321A7E56A700CE6C1A /* Build configuration list for PBXNativeTarget "Flip UpTests" */ = {
			isa = XCConfigurationList;
			buildConfigurations = (
				CD7041331A7E56A700CE6C1A /* Debug */,
				CD7041341A7E56A700CE6C1A /* Release */,
			);
			defaultConfigurationIsVisible = 0;
			defaultConfigurationName = Release;
		};
/* End XCConfigurationList section */
	};
	rootObject = CD7041071A7E56A700CE6C1A /* Project object */;
}
